
Microsoft Visual Studio Solution File, Format Version 12.00
# Visual Studio Version 17
VisualStudioVersion = 17.9.34616.47
MinimumVisualStudioVersion = 10.0.40219.1
Project("{FAE04EC0-301F-11D3-BF4B-00C04F79EFBC}") = "Group5_ iCLOTHINGApp", "Group5_ iCLOTHINGApp.csproj", "{AE6FB927-D776-4139-ACA3-DA2ECC60C36E}"
EndProject
Global
	GlobalSection(SolutionConfigurationPlatforms) = preSolution
		Debug|Any CPU = Debug|Any CPU
		Release|Any CPU = Release|Any CPU
	EndGlobalSection
	GlobalSection(ProjectConfigurationPlatforms) = postSolution
		{AE6FB927-D776-4139-ACA3-DA2ECC60C36E}.Debug|Any CPU.ActiveCfg = Debug|Any CPU
		{AE6FB927-D776-4139-ACA3-DA2ECC60C36E}.Debug|Any CPU.Build.0 = Debug|Any CPU
		{AE6FB927-D776-4139-ACA3-DA2ECC60C36E}.Release|Any CPU.ActiveCfg = Release|Any CPU
		{AE6FB927-D776-4139-ACA3-DA2ECC60C36E}.Release|Any CPU.Build.0 = Release|Any CPU
	EndGlobalSection
	GlobalSection(SolutionProperties) = preSolution
		HideSolutionNode = FALSE
	EndGlobalSection
	GlobalSection(ExtensibilityGlobals) = postSolution
		SolutionGuid = {B0190B7E-582D-4F00-9224-EF103D9FDC7C}
	EndGlobalSection
EndGlobal
